# THIS IS AN AUTOGENERATED FILE. DO NOT EDIT THIS FILE DIRECTLY.
# yarn lockfile v1


"@jimp/bmp@^0.22.4":
  version "0.22.4"
  resolved "https://registry.yarnpkg.com/@jimp/bmp/-/bmp-0.22.4.tgz#108a68a2ce86bc0999a869734c898894e391462e"
  integrity sha512-ZDwQ/tLihpZuTCFGGa0zcyZIWHfhvHkrdbsoHUY0GG/JpH/y2xzlm2I48/TicCpoujN8oGKLHIJje0HmVX3xaA==
  dependencies:
    "@jimp/utils" "^0.22.4"
    bmp-js "^0.1.0"

"@jimp/core@^0.22.4":
  version "0.22.4"
  resolved "https://registry.yarnpkg.com/@jimp/core/-/core-0.22.4.tgz#b39b44271f2a8980b505b56af1ae04a34783e9e7"
  integrity sha512-K7guEYpXV44SCLR35QdPyKqF+mFZaEUAqiSL8qQ/F4N4Ws9JkPzFI/qYTjOkDoKxSWkXlKnlsk1sfMzy0yqA5g==
  dependencies:
    "@jimp/utils" "^0.22.4"
    any-base "^1.1.0"
    buffer "^5.2.0"
    exif-parser "^0.1.12"
    file-type "^16.5.4"
    isomorphic-fetch "^3.0.0"
    mkdirp "^2.1.3"
    pixelmatch "^4.0.2"
    tinycolor2 "^1.6.0"

"@jimp/custom@^0.22.4":
  version "0.22.4"
  resolved "https://registry.yarnpkg.com/@jimp/custom/-/custom-0.22.4.tgz#542602b733b400a5353649ed1a2e7a969b2af197"
  integrity sha512-k9m/RfxjPjklUsgZ2nszlyNkodUG/4xlxlif70UELhxW8bdqZqqlQGzwA9p+PUiSnlSJYZjL6q+P8cd7yj1ggA==
  dependencies:
    "@jimp/core" "^0.22.4"

"@jimp/gif@^0.22.4":
  version "0.22.4"
  resolved "https://registry.yarnpkg.com/@jimp/gif/-/gif-0.22.4.tgz#36b8f12ffacc1365d1ff31958beafd64ceb9d912"
  integrity sha512-KmN7GoaQTzLAX4JXLBRkIiZAXthgQdKe+Y7BOw4n6CMe6LAS/XCQqrYCG3Av/GqIO7UAKems6D7kIGAUuhpNlQ==
  dependencies:
    "@jimp/utils" "^0.22.4"
    gifwrap "^0.9.2"
    omggif "^1.0.9"

"@jimp/jpeg@^0.22.4":
  version "0.22.4"
  resolved "https://registry.yarnpkg.com/@jimp/jpeg/-/jpeg-0.22.4.tgz#137bbe2a994b5a026ed01816161ef4a26d3ad85c"
  integrity sha512-mMJNhEtJpne65mxpIXEvT0VIzmsKiZWmaFT/c2eQ2tBLEtWAFpkvoP+F7jEaU+F3Ur4fXKFkJ/xOSXtRr/gGNw==
  dependencies:
    "@jimp/utils" "^0.22.4"
    jpeg-js "^0.4.4"

"@jimp/plugin-blit@^0.22.4":
  version "0.22.4"
  resolved "https://registry.yarnpkg.com/@jimp/plugin-blit/-/plugin-blit-0.22.4.tgz#ce66dea1db9e9acb4b062bace217c72397792f8d"
  integrity sha512-QQHe+rFarsxJQxWKlyHEMfLyXmUG9AiQky+8WfwjZVBYilIFyiBywOc3sThonOsru+7LOSUDmbN6mvbFk4R+gw==
  dependencies:
    "@jimp/utils" "^0.22.4"

"@jimp/plugin-blur@^0.22.4":
  version "0.22.4"
  resolved "https://registry.yarnpkg.com/@jimp/plugin-blur/-/plugin-blur-0.22.4.tgz#77ff918c82cb10cabda0b853f83a9eae71461581"
  integrity sha512-p57Ac5LEQckIogiwf7qyOojGvLOD08eMaQd5ylOhet/fbdwAzD/8flWFhSIKsdAVzvnfGcszuLtrsV07jDutTw==
  dependencies:
    "@jimp/utils" "^0.22.4"

"@jimp/plugin-circle@^0.22.4":
  version "0.22.4"
  resolved "https://registry.yarnpkg.com/@jimp/plugin-circle/-/plugin-circle-0.22.4.tgz#cc232415234f33d6ef80443b310e6d217f40868d"
  integrity sha512-T+TpG+s+wM9kKHlpIEfCAfOM+QrYVqcMoWjkULddc0KtaDEhqgGYFhN+/SlzJfDbZKw0xUgIuAw89sXuzMIUjw==
  dependencies:
    "@jimp/utils" "^0.22.4"

"@jimp/plugin-color@^0.22.4":
  version "0.22.4"
  resolved "https://registry.yarnpkg.com/@jimp/plugin-color/-/plugin-color-0.22.4.tgz#0e184dfd7f988cccb399a1981d374b01266f7991"
  integrity sha512-TZqcqepoCcIlF7VodPPfS3WET+LL5Y/XnXOBk4tWnG5i+lhNrs7/U0HOJY6Iw9o4g267DddnlfKWmunvzBcvOQ==
  dependencies:
    "@jimp/utils" "^0.22.4"
    tinycolor2 "^1.6.0"

"@jimp/plugin-contain@^0.22.4":
  version "0.22.4"
  resolved "https://registry.yarnpkg.com/@jimp/plugin-contain/-/plugin-contain-0.22.4.tgz#ecc5a440cef99ba8882e3670616bd8cc5b400fd0"
  integrity sha512-Hl+TO4v+EpRfEl3R6k/bEgOGOpm6JqNfEIyCFWLi6yqJQjMGzBQ0vt+VHe2u3WIFaFrDWsGxeuFZBDzgtjTwxw==
  dependencies:
    "@jimp/utils" "^0.22.4"

"@jimp/plugin-cover@^0.22.4":
  version "0.22.4"
  resolved "https://registry.yarnpkg.com/@jimp/plugin-cover/-/plugin-cover-0.22.4.tgz#c77e4f17c7a632948d26d7afd2a393127fbb76a1"
  integrity sha512-KMTQjN/B7r/RNzoLFwnhqhLrgT0kMqTkBMEZQSopj5vPLPNjIX0ElEYC8AIVFKeZAV+1mYkyss+IDdxq4fyRng==
  dependencies:
    "@jimp/utils" "^0.22.4"

"@jimp/plugin-crop@^0.22.4":
  version "0.22.4"
  resolved "https://registry.yarnpkg.com/@jimp/plugin-crop/-/plugin-crop-0.22.4.tgz#d91d0de285123a3fe17ad6e2f44bd29a5b6d4330"
  integrity sha512-8krDt7xzBa1fbtlYCzEMZIgNjTkhgywho0FJpgIMkIUMjaZITS1Ea/Veb3UrWt8EsgQS6hxjGVE/Q1FvP5iPLA==
  dependencies:
    "@jimp/utils" "^0.22.4"

"@jimp/plugin-displace@^0.22.4":
  version "0.22.4"
  resolved "https://registry.yarnpkg.com/@jimp/plugin-displace/-/plugin-displace-0.22.4.tgz#e81119670d33624c1ec6c0d6f909c07d89979b6c"
  integrity sha512-3gBfwYVFrOjp8SUpb7H0UMgqvsG/sxY1PVBIfRW9MUCosiH1eE/Mo5cbxhQ6/w5f3sh23lBmG8W0WuSrnXLorg==
  dependencies:
    "@jimp/utils" "^0.22.4"

"@jimp/plugin-dither@^0.22.4":
  version "0.22.4"
  resolved "https://registry.yarnpkg.com/@jimp/plugin-dither/-/plugin-dither-0.22.4.tgz#46d028299c2f11112c6fd74ac96648026bbfd2ad"
  integrity sha512-oOhdZBDJpSGIoTUhPOIvLIVUwILRWgrWdA4Vbzcyz2RHvaPHS8gdBH0EdIPbJ5agNyFnY8sJWFM7YKx/rLNKsw==
  dependencies:
    "@jimp/utils" "^0.22.4"

"@jimp/plugin-fisheye@^0.22.4":
  version "0.22.4"
  resolved "https://registry.yarnpkg.com/@jimp/plugin-fisheye/-/plugin-fisheye-0.22.4.tgz#a5eae8a611047cb4740a6c52067b442311d8972a"
  integrity sha512-2myNZyDrwUOV8MKd4NeULnEOojYF7XRbnRHiUPsNptpmK6g/gI4xt+5k7BallAYZD8ZLfZVjstUogsObprHd/Q==
  dependencies:
    "@jimp/utils" "^0.22.4"

"@jimp/plugin-flip@^0.22.4":
  version "0.22.4"
  resolved "https://registry.yarnpkg.com/@jimp/plugin-flip/-/plugin-flip-0.22.4.tgz#24c2723097ee95718c5bed1548429d77c5970e2c"
  integrity sha512-9FZ0k5N5leLDefeDjizXXTl17dzo23PYtCD/T4xeSVr96d1pQDwbeIk7pEhhHr1rl98tJe0U/OV2dFXFYauKPw==
  dependencies:
    "@jimp/utils" "^0.22.4"

"@jimp/plugin-gaussian@^0.22.4":
  version "0.22.4"
  resolved "https://registry.yarnpkg.com/@jimp/plugin-gaussian/-/plugin-gaussian-0.22.4.tgz#fb710415d5e781bbf46ae338ad048767d285fbb3"
  integrity sha512-irOSwLdZ9kTq5Wd5dpkMgIMJVwemYcqgnzd04+P6TJGYmem2HR6JUCDpjbET3Fpbo/snFLm4mZ+2A+SmeCGjKA==
  dependencies:
    "@jimp/utils" "^0.22.4"

"@jimp/plugin-invert@^0.22.4":
  version "0.22.4"
  resolved "https://registry.yarnpkg.com/@jimp/plugin-invert/-/plugin-invert-0.22.4.tgz#4a345474b006cec5a553303ff8e339b587a5e35a"
  integrity sha512-/WtZeLrF+H+mzbjqudeGvvSxudlHy1kyiP1gVWDxhYNQOuZJI57Vn20kSTYvHBNjvy31LV4/uestyX8j8tE2Qg==
  dependencies:
    "@jimp/utils" "^0.22.4"

"@jimp/plugin-mask@^0.22.4":
  version "0.22.4"
  resolved "https://registry.yarnpkg.com/@jimp/plugin-mask/-/plugin-mask-0.22.4.tgz#59dc936048f052f152d125e7c55ac5b396d2174d"
  integrity sha512-U0SrOwBNKkMYTNPTz5CXeJdZ4c5easFlq2B9Txy0kPsav2OraTv8cZjpMxrWUejo/AQGVUDbaGtXMm9pE13/6w==
  dependencies:
    "@jimp/utils" "^0.22.4"

"@jimp/plugin-normalize@^0.22.4":
  version "0.22.4"
  resolved "https://registry.yarnpkg.com/@jimp/plugin-normalize/-/plugin-normalize-0.22.4.tgz#27aaec25be52bfde06643f63adac2cac2e4e0dde"
  integrity sha512-XJiPBJGCHWmIzUdmL4mWP1Ev5LMp77oMmPXdgQGDty1cxfyo3CbkTjZSsnwF/XLlrQ1yfLW+8JB+ihGKcVEOxA==
  dependencies:
    "@jimp/utils" "^0.22.4"

"@jimp/plugin-print@^0.22.4":
  version "0.22.4"
  resolved "https://registry.yarnpkg.com/@jimp/plugin-print/-/plugin-print-0.22.4.tgz#39a937fe4834851227f033137ebbbdfaa679ff26"
  integrity sha512-mayiPhg6c7KYjvq3fYOW9ohhXD1eWdEiseV9dAWqTOEbDbohT8S6eTGhVIiVa2sVySLcpNEKZSk07c5EhJAMcw==
  dependencies:
    "@jimp/utils" "^0.22.4"
    load-bmfont "^1.4.1"

"@jimp/plugin-resize@^0.22.4":
  version "0.22.4"
  resolved "https://registry.yarnpkg.com/@jimp/plugin-resize/-/plugin-resize-0.22.4.tgz#126ac986237f047268c5d26af21884fb426e1fdc"
  integrity sha512-2wMdpPNGf6Zo2lfJg1QHHQ+ds5baQH75IcFpdjw717dcEISpn1jPG//iClXOGh16OJsRQlwHESaZTgEo/5Dw/g==
  dependencies:
    "@jimp/utils" "^0.22.4"

"@jimp/plugin-rotate@^0.22.4":
  version "0.22.4"
  resolved "https://registry.yarnpkg.com/@jimp/plugin-rotate/-/plugin-rotate-0.22.4.tgz#47bd35a239bbbfd007775c95605250c7201b7e2e"
  integrity sha512-g08LBsPENbeA6NVoeq0iuDgAL89+N+aZrvYVKYkiJZIM7vUvueJyAIq4+bjDl4r54OR8XBFX0GsrKsqrULh1eA==
  dependencies:
    "@jimp/utils" "^0.22.4"

"@jimp/plugin-scale@^0.22.4":
  version "0.22.4"
  resolved "https://registry.yarnpkg.com/@jimp/plugin-scale/-/plugin-scale-0.22.4.tgz#c091ee17abc432b60f4ca16cf8e593196f7ba99f"
  integrity sha512-cJiLQtTcNk6/+j05R23TFGXy+smDV0BdlmzJVDb+7Ye9qcmWpkdjVSioQQqZr0QScIYKhhRCY/lFTepBx67yzw==
  dependencies:
    "@jimp/utils" "^0.22.4"

"@jimp/plugin-shadow@^0.22.4":
  version "0.22.4"
  resolved "https://registry.yarnpkg.com/@jimp/plugin-shadow/-/plugin-shadow-0.22.4.tgz#3f14c189439d6cd358629720e94e1b62b2693f98"
  integrity sha512-a5hdpzGBzBo91DNiKaGvs8iJbs2bYQmDRm/BrCh4NET+h5l5AwXNu/Ak0bWRhN16YQ55XYNGHer2jOwBPrf2WQ==
  dependencies:
    "@jimp/utils" "^0.22.4"

"@jimp/plugin-threshold@^0.22.4":
  version "0.22.4"
  resolved "https://registry.yarnpkg.com/@jimp/plugin-threshold/-/plugin-threshold-0.22.4.tgz#fecbcc0bc348772eb2d93984a40fdc37ef4890df"
  integrity sha512-jTT/+p2zb2NESzd7O0bVRowiQszoaHeBf2OgP7lFde10fHd+fn78m5brUmSmlGAdlMRwm8S8ZcxTj5ZjdQns5w==
  dependencies:
    "@jimp/utils" "^0.22.4"

"@jimp/plugins@^0.22.4":
  version "0.22.4"
  resolved "https://registry.yarnpkg.com/@jimp/plugins/-/plugins-0.22.4.tgz#e6e32ba9f41a7814814d56d0215a0ddd68f48645"
  integrity sha512-yAxcA4UR3Bs7j73I7wt4ty52vm5MzPmr+8DYk8jrS/ng2Z2iuXzbcTe4mf9eEqXYVah3rTIggo4dPjW75DRZtA==
  dependencies:
    "@jimp/plugin-blit" "^0.22.4"
    "@jimp/plugin-blur" "^0.22.4"
    "@jimp/plugin-circle" "^0.22.4"
    "@jimp/plugin-color" "^0.22.4"
    "@jimp/plugin-contain" "^0.22.4"
    "@jimp/plugin-cover" "^0.22.4"
    "@jimp/plugin-crop" "^0.22.4"
    "@jimp/plugin-displace" "^0.22.4"
    "@jimp/plugin-dither" "^0.22.4"
    "@jimp/plugin-fisheye" "^0.22.4"
    "@jimp/plugin-flip" "^0.22.4"
    "@jimp/plugin-gaussian" "^0.22.4"
    "@jimp/plugin-invert" "^0.22.4"
    "@jimp/plugin-mask" "^0.22.4"
    "@jimp/plugin-normalize" "^0.22.4"
    "@jimp/plugin-print" "^0.22.4"
    "@jimp/plugin-resize" "^0.22.4"
    "@jimp/plugin-rotate" "^0.22.4"
    "@jimp/plugin-scale" "^0.22.4"
    "@jimp/plugin-shadow" "^0.22.4"
    "@jimp/plugin-threshold" "^0.22.4"
    timm "^1.6.1"

"@jimp/png@^0.22.4":
  version "0.22.4"
  resolved "https://registry.yarnpkg.com/@jimp/png/-/png-0.22.4.tgz#a973bf733dddee729dabd9185367a90efc38242e"
  integrity sha512-kDovx9dTyV/TSR40HQHdRyVgNNb7Cny4/0PPEa+xeR7snuDC3dV5hu9s/QJwY0RMGiAkiuKDpiaBuSZuz8dwRQ==
  dependencies:
    "@jimp/utils" "^0.22.4"
    pngjs "^6.0.0"

"@jimp/tiff@^0.22.4":
  version "0.22.4"
  resolved "https://registry.yarnpkg.com/@jimp/tiff/-/tiff-0.22.4.tgz#04f66c481c92a7698713677ef8a720f8dcd729fd"
  integrity sha512-RStUATRnb+unYzzuGxU+SPZALqh5NxYdcS6UGTBvhCMlijopGiY/iL01wstIOst0ypKIjwbcSVj7mAHn6B7Qbw==
  dependencies:
    utif2 "^4.0.1"

"@jimp/types@^0.22.4":
  version "0.22.4"
  resolved "https://registry.yarnpkg.com/@jimp/types/-/types-0.22.4.tgz#4e1f2028f5760d01508766cf1e615db9cf0d9ef0"
  integrity sha512-v3hm8LGc3we6P6ML0ticiLX7wtdvywrKthYxqVrJVIu3vRL0Z4q3ngFjwzqDmaIF8wC0neq98s/t7ODWfeIiRQ==
  dependencies:
    "@jimp/bmp" "^0.22.4"
    "@jimp/gif" "^0.22.4"
    "@jimp/jpeg" "^0.22.4"
    "@jimp/png" "^0.22.4"
    "@jimp/tiff" "^0.22.4"
    timm "^1.6.1"

"@jimp/utils@^0.22.4":
  version "0.22.4"
  resolved "https://registry.yarnpkg.com/@jimp/utils/-/utils-0.22.4.tgz#3d420178f628c732805297a29eb6e64c6896e6ad"
  integrity sha512-EPaBMNg4NvVXnMpSFJEsdCQqdSVU2ACreAL+Ipkq19C/FkDEj9Q10t6Mjx8zOe/AAjBQj1vTALS/DykcHOn4bQ==
  dependencies:
    regenerator-runtime "^0.13.3"

"@tokenizer/token@^0.3.0":
  version "0.3.0"
  resolved "https://registry.yarnpkg.com/@tokenizer/token/-/token-0.3.0.tgz#fe98a93fe789247e998c75e74e9c7c63217aa276"
  integrity sha512-OvjF+z51L3ov0OyAU0duzsYuvO01PH7x4t6DJx+guahgTnBHkhJdG7soQeTSFLWN3efnHyibZ4Z8l2EuWwJN3A==

"@types/node@16.9.1":
  version "16.9.1"
  resolved "https://registry.yarnpkg.com/@types/node/-/node-16.9.1.tgz#0611b37db4246c937feef529ddcc018cf8e35708"
  integrity sha512-QpLcX9ZSsq3YYUUnD3nFDY8H7wctAhQj/TFKL8Ya8v5fMm3CFXxo8zStsLAl780ltoYoo1WvKUVGBQK+1ifr7g==

any-base@^1.1.0:
  version "1.1.0"
  resolved "https://registry.yarnpkg.com/any-base/-/any-base-1.1.0.tgz#ae101a62bc08a597b4c9ab5b7089d456630549fe"
  integrity sha512-uMgjozySS8adZZYePpaWs8cxB9/kdzmpX6SgJZ+wbz1K5eYk5QMYDVJaZKhxyIHUdnnJkfR7SVgStgH7LkGUyg==

base62@^2.0.1:
  version "2.0.1"
  resolved "https://registry.yarnpkg.com/base62/-/base62-2.0.1.tgz#729cfe179ed34c61e4a489490105b44ce4ea1197"
  integrity sha512-4t4WQK7mdbcWzqEBiq6tfo2qDCeIZGXvjifJZyxHIVcjQkZJxpFtu/pa2Va69OouCkg6izZ08hKnPxroeDyzew==

base64-js@^1.3.1:
  version "1.5.1"
  resolved "https://registry.yarnpkg.com/base64-js/-/base64-js-1.5.1.tgz#1b1b440160a5bf7ad40b650f095963481903930a"
  integrity sha512-AKpaYlHn8t4SVbOHCy+b5+KKgvR4vrsD8vbvrbiQJps7fKDTkjkDry6ji0rUJjC0kzbNePLwzxq8iypo41qeWA==

bl@^4.0.3:
  version "4.1.0"
  resolved "https://registry.yarnpkg.com/bl/-/bl-4.1.0.tgz#451535264182bec2fbbc83a62ab98cf11d9f7b3a"
  integrity sha512-1W07cM9gS6DcLperZfFSj+bWLtaPGSOHWhPiGzXmvVJbRLdG82sH/Kn8EtW1VqWVA54AKf2h5k5BbnIbwF3h6w==
  dependencies:
    buffer "^5.5.0"
    inherits "^2.0.4"
    readable-stream "^3.4.0"

bmp-js@^0.1.0:
  version "0.1.0"
  resolved "https://registry.yarnpkg.com/bmp-js/-/bmp-js-0.1.0.tgz#e05a63f796a6c1ff25f4771ec7adadc148c07233"
  integrity sha512-vHdS19CnY3hwiNdkaqk93DvjVLfbEcI8mys4UjuWrlX1haDmroo8o4xCzh4wD6DGV6HxRCyauwhHRqMTfERtjw==

buffer-equal@0.0.1:
  version "0.0.1"
  resolved "https://registry.yarnpkg.com/buffer-equal/-/buffer-equal-0.0.1.tgz#91bc74b11ea405bc916bc6aa908faafa5b4aac4b"
  integrity sha512-RgSV6InVQ9ODPdLWJ5UAqBqJBOg370Nz6ZQtRzpt6nUjc8v0St97uJ4PYC6NztqIScrAXafKM3mZPMygSe1ggA==

buffer@^5.2.0, buffer@^5.5.0:
  version "5.7.1"
  resolved "https://registry.yarnpkg.com/buffer/-/buffer-5.7.1.tgz#ba62e7c13133053582197160851a8f648e99eed0"
  integrity sha512-EHcyIPBQ4BSGlvjB16k5KgAJ27CIsHY/2JBmCRReo48y9rQ3MaUzWX3KVlBa4U7MyX02HdVj0K7C3WaB3ju7FQ==
  dependencies:
    base64-js "^1.3.1"
    ieee754 "^1.1.13"

chownr@^1.1.1:
  version "1.1.4"
  resolved "https://registry.yarnpkg.com/chownr/-/chownr-1.1.4.tgz#6fc9d7b42d32a583596337666e7d08084da2cc6b"
  integrity sha512-jJ0bqzaylmJtVnNgzTeSOs8DPavpbYgEr/b0YL8/2GO3xJEhInFmhKMUnEJQjZumK7KXGFhUy89PrsJWlakBVg==

color-convert@^2.0.1:
  version "2.0.1"
  resolved "https://registry.yarnpkg.com/color-convert/-/color-convert-2.0.1.tgz#72d3a68d598c9bdb3af2ad1e84f21d896abd4de3"
  integrity sha512-RRECPsj7iu/xb5oKYcsFHSppFNnsj/52OVTRKb4zP5onXwVF3zVmmToNcOfGC+CRDpfK/U584fMg38ZHCaElKQ==
  dependencies:
    color-name "~1.1.4"

color-name@^1.0.0, color-name@~1.1.4:
  version "1.1.4"
  resolved "https://registry.yarnpkg.com/color-name/-/color-name-1.1.4.tgz#c2a09a87acbde69543de6f63fa3995c826c536a2"
  integrity sha512-dOy+3AuW3a2wNbZHIuMZpTcgjGuLU/uBL/ubcZF9OXbDo8ff4O8yVp5Bf0efS8uEoYo5q4Fx7dY9OgQGXgAsQA==

color-string@^1.9.0:
  version "1.9.1"
  resolved "https://registry.yarnpkg.com/color-string/-/color-string-1.9.1.tgz#4467f9146f036f855b764dfb5bf8582bf342c7a4"
  integrity sha512-shrVawQFojnZv6xM40anx4CkoDP+fZsw/ZerEMsW/pyzsRbElpsL/DBVW7q3ExxwusdNXI3lXpuhEZkzs8p5Eg==
  dependencies:
    color-name "^1.0.0"
    simple-swizzle "^0.2.2"

color@^4.2.3:
  version "4.2.3"
  resolved "https://registry.yarnpkg.com/color/-/color-4.2.3.tgz#d781ecb5e57224ee43ea9627560107c0e0c6463a"
  integrity sha512-1rXeuUUiGGrykh+CeBdu5Ie7OJwinCgQY0bc7GCRxy5xVHy+moaqkpL/jqQq0MtQOeYcrqEz4abc5f0KtU7W4A==
  dependencies:
    color-convert "^2.0.1"
    color-string "^1.9.0"

decompress-response@^6.0.0:
  version "6.0.0"
  resolved "https://registry.yarnpkg.com/decompress-response/-/decompress-response-6.0.0.tgz#ca387612ddb7e104bd16d85aab00d5ecf09c66fc"
  integrity sha512-aW35yZM6Bb/4oJlZncMH2LCoZtJXTRxES17vE3hoRiowU2kWHaJKFkSBDnDR+cm9J+9QhXmREyIfv0pji9ejCQ==
  dependencies:
    mimic-response "^3.1.0"

deep-extend@^0.6.0:
  version "0.6.0"
  resolved "https://registry.yarnpkg.com/deep-extend/-/deep-extend-0.6.0.tgz#c4fa7c95404a17a9c3e8ca7e1537312b736330ac"
  integrity sha512-LOHxIOaPYdHlJRtCQfDIVZtfw/ufM8+rVj649RIHzcm/vGwQRXFt6OPqIFWsm2XEMrNIEtWR64sY1LEKD2vAOA==

detect-libc@^2.0.0, detect-libc@^2.0.1:
  version "2.0.1"
  resolved "https://registry.yarnpkg.com/detect-libc/-/detect-libc-2.0.1.tgz#e1897aa88fa6ad197862937fbc0441ef352ee0cd"
  integrity sha512-463v3ZeIrcWtdgIg6vI6XUncguvr2TnGl4SzDXinkt9mSLpBJKXT3mW6xT3VQdDN11+WVs29pgvivTc4Lp8v+w==

dom-walk@^0.1.0:
  version "0.1.2"
  resolved "https://registry.yarnpkg.com/dom-walk/-/dom-walk-0.1.2.tgz#0c548bef048f4d1f2a97249002236060daa3fd84"
  integrity sha512-6QvTW9mrGeIegrFXdtQi9pk7O/nSK6lSdXW2eqUspN5LWD7UTji2Fqw5V2YLjBpHEoU9Xl/eUWNpDeZvoyOv2w==

end-of-stream@^1.1.0, end-of-stream@^1.4.1:
  version "1.4.4"
  resolved "https://registry.yarnpkg.com/end-of-stream/-/end-of-stream-1.4.4.tgz#5ae64a5f45057baf3626ec14da0ca5e4b2431eb0"
  integrity sha512-+uw1inIHVPQoaVuHzRyXd21icM+cnt4CzD5rW+NC1wjOUSTOs+Te7FOv7AhN7vS9x/oIyhLP5PR1H+phQAHu5Q==
  dependencies:
    once "^1.4.0"

exif-parser@^0.1.12:
  version "0.1.12"
  resolved "https://registry.yarnpkg.com/exif-parser/-/exif-parser-0.1.12.tgz#58a9d2d72c02c1f6f02a0ef4a9166272b7760922"
  integrity sha512-c2bQfLNbMzLPmzQuOr8fy0csy84WmwnER81W88DzTp9CYNPJ6yzOj2EZAh9pywYpqHnshVLHQJ8WzldAyfY+Iw==

expand-template@^2.0.3:
  version "2.0.3"
  resolved "https://registry.yarnpkg.com/expand-template/-/expand-template-2.0.3.tgz#6e14b3fcee0f3a6340ecb57d2e8918692052a47c"
  integrity sha512-XYfuKMvj4O35f/pOXLObndIRvyQ+/+6AhODh+OKWj9S9498pHHn/IMszH+gt0fBCRWMNfk1ZSp5x3AifmnI2vg==

file-type@^16.5.4:
  version "16.5.4"
  resolved "https://registry.yarnpkg.com/file-type/-/file-type-16.5.4.tgz#474fb4f704bee427681f98dd390058a172a6c2fd"
  integrity sha512-/yFHK0aGjFEgDJjEKP0pWCplsPFPhwyfwevf/pVxiN0tmE4L9LmwWxWukdJSHdoCli4VgQLehjJtwQBnqmsKcw==
  dependencies:
    readable-web-to-node-stream "^3.0.0"
    strtok3 "^6.2.4"
    token-types "^4.1.1"

fs-constants@^1.0.0:
  version "1.0.0"
  resolved "https://registry.yarnpkg.com/fs-constants/-/fs-constants-1.0.0.tgz#6be0de9be998ce16af8afc24497b9ee9b7ccd9ad"
  integrity sha512-y6OAwoSIf7FyjMIv94u+b5rdheZEjzR63GTyZJm5qh4Bi+2YgwLCcI/fPFZkL5PSixOt6ZNKm+w+Hfp/Bciwow==

gifwrap@^0.9.2:
  version "0.9.4"
  resolved "https://registry.yarnpkg.com/gifwrap/-/gifwrap-0.9.4.tgz#f4eb6169ba027d61df64aafbdcb1f8ae58ccc0c5"
  integrity sha512-MDMwbhASQuVeD4JKd1fKgNgCRL3fGqMM4WaqpNhWO0JiMOAjbQdumbs4BbBZEy9/M00EHEjKN3HieVhCUlwjeQ==
  dependencies:
    image-q "^4.0.0"
    omggif "^1.0.10"

github-from-package@0.0.0:
  version "0.0.0"
  resolved "https://registry.yarnpkg.com/github-from-package/-/github-from-package-0.0.0.tgz#97fb5d96bfde8973313f20e8288ef9a167fa64ce"
  integrity sha512-SyHy3T1v2NUXn29OsWdxmK6RwHD+vkj3v8en8AOBZ1wBQ/hCAQ5bAQTD02kW4W9tUp/3Qh6J8r9EvntiyCmOOw==

global@~4.4.0:
  version "4.4.0"
  resolved "https://registry.yarnpkg.com/global/-/global-4.4.0.tgz#3e7b105179006a323ed71aafca3e9c57a5cc6406"
  integrity sha512-wv/LAoHdRE3BeTGz53FAamhGlPLhlssK45usmGFThIi4XqnBmjKQ16u+RNbP7WvigRZDxUsM0J3gcQ5yicaL0w==
  dependencies:
    min-document "^2.19.0"
    process "^0.11.10"

ieee754@^1.1.13, ieee754@^1.2.1:
  version "1.2.1"
  resolved "https://registry.yarnpkg.com/ieee754/-/ieee754-1.2.1.tgz#8eb7a10a63fff25d15a57b001586d177d1b0d352"
  integrity sha512-dcyqhDvX1C46lXZcVqCpK+FtMRQVdIMN6/Df5js2zouUsqG7I6sFxitIC+7KYK29KdXOLHdu9zL4sFnoVQnqaA==

image-q@^4.0.0:
  version "4.0.0"
  resolved "https://registry.yarnpkg.com/image-q/-/image-q-4.0.0.tgz#31e075be7bae3c1f42a85c469b4732c358981776"
  integrity sha512-PfJGVgIfKQJuq3s0tTDOKtztksibuUEbJQIYT3by6wctQo+Rdlh7ef4evJ5NCdxY4CfMbvFkocEwbl4BF8RlJw==
  dependencies:
    "@types/node" "16.9.1"

inherits@^2.0.3, inherits@^2.0.4:
  version "2.0.4"
  resolved "https://registry.yarnpkg.com/inherits/-/inherits-2.0.4.tgz#0fa2c64f932917c3433a0ded55363aae37416b7c"
  integrity sha512-k/vGaX4/Yla3WzyMCvTQOXYeIHvqOKtnqBduzTHpzpQZzAskKMhZ2K+EnBiSM9zGSoIFeMpXKxa4dYeZIQqewQ==

ini@~1.3.0:
  version "1.3.8"
  resolved "https://registry.yarnpkg.com/ini/-/ini-1.3.8.tgz#a29da425b48806f34767a4efce397269af28432c"
  integrity sha512-JV/yugV2uzW5iMRSiZAyDtQd+nxtUnjeLt0acNdw98kKLrvuRVyB80tsREOE7yvGVgalhZ6RNXCmEHkUKBKxew==

is-arrayish@^0.3.1:
  version "0.3.2"
  resolved "https://registry.yarnpkg.com/is-arrayish/-/is-arrayish-0.3.2.tgz#4574a2ae56f7ab206896fb431eaeed066fdf8f03"
  integrity sha512-eVRqCvVlZbuw3GrM63ovNSNAeA1K16kaR/LRY/92w0zxQ5/1YzwblUX652i4Xs9RwAGjW9d9y6X88t8OaAJfWQ==

is-function@^1.0.1:
  version "1.0.2"
  resolved "https://registry.yarnpkg.com/is-function/-/is-function-1.0.2.tgz#4f097f30abf6efadac9833b17ca5dc03f8144e08"
  integrity sha512-lw7DUp0aWXYg+CBCN+JKkcE0Q2RayZnSvnZBlwgxHBQhqt5pZNVy4Ri7H9GmmXkdu7LUthszM+Tor1u/2iBcpQ==

isomorphic-fetch@^3.0.0:
  version "3.0.0"
  resolved "https://registry.yarnpkg.com/isomorphic-fetch/-/isomorphic-fetch-3.0.0.tgz#0267b005049046d2421207215d45d6a262b8b8b4"
  integrity sha512-qvUtwJ3j6qwsF3jLxkZ72qCgjMysPzDfeV240JHiGZsANBYd+EEuu35v7dfrJ9Up0Ak07D7GGSkGhCHTqg/5wA==
  dependencies:
    node-fetch "^2.6.1"
    whatwg-fetch "^3.4.1"

jimp@^0.22.4:
  version "0.22.4"
  resolved "https://registry.yarnpkg.com/jimp/-/jimp-0.22.4.tgz#9fe877713b1c5632bd79758eb51b6e3ed5968f7d"
  integrity sha512-reGESbcYp38VlGtdAe8qrmbjLLEYXMrQWc2XXb7+czulKfCCidUHEpNfrS3hx5XXMWrAmoYKkxPTqCvll6Q6ug==
  dependencies:
    "@jimp/custom" "^0.22.4"
    "@jimp/plugins" "^0.22.4"
    "@jimp/types" "^0.22.4"
    regenerator-runtime "^0.13.3"

jpeg-js@^0.4.4:
  version "0.4.4"
  resolved "https://registry.yarnpkg.com/jpeg-js/-/jpeg-js-0.4.4.tgz#a9f1c6f1f9f0fa80cdb3484ed9635054d28936aa"
  integrity sha512-WZzeDOEtTOBK4Mdsar0IqEU5sMr3vSV2RqkAIzUEV2BHnUfKGyswWFPFwK5EeDo93K3FohSHbLAjj0s1Wzd+dg==

load-bmfont@^1.4.1:
  version "1.4.1"
  resolved "https://registry.yarnpkg.com/load-bmfont/-/load-bmfont-1.4.1.tgz#c0f5f4711a1e2ccff725a7b6078087ccfcddd3e9"
  integrity sha512-8UyQoYmdRDy81Brz6aLAUhfZLwr5zV0L3taTQ4hju7m6biuwiWiJXjPhBJxbUQJA8PrkvJ/7Enqmwk2sM14soA==
  dependencies:
    buffer-equal "0.0.1"
    mime "^1.3.4"
    parse-bmfont-ascii "^1.0.3"
    parse-bmfont-binary "^1.0.5"
    parse-bmfont-xml "^1.1.4"
    phin "^2.9.1"
    xhr "^2.0.1"
    xtend "^4.0.0"

lru-cache@^6.0.0:
  version "6.0.0"
  resolved "https://registry.yarnpkg.com/lru-cache/-/lru-cache-6.0.0.tgz#6d6fe6570ebd96aaf90fcad1dafa3b2566db3a94"
  integrity sha512-Jo6dJ04CmSjuznwJSS3pUeWmd/H0ffTlkXXgwZi+eq1UCmqQwCh+eLsYOYCwY991i2Fah4h1BEMCx4qThGbsiA==
  dependencies:
    yallist "^4.0.0"

mime@^1.3.4:
  version "1.6.0"
  resolved "https://registry.yarnpkg.com/mime/-/mime-1.6.0.tgz#32cd9e5c64553bd58d19a568af452acff04981b1"
  integrity sha512-x0Vn8spI+wuJ1O6S7gnbaQg8Pxh4NNHb7KSINmEWKiPE4RKOplvijn+NkmYmmRgP68mc70j2EbeTFRsrswaQeg==

mimic-response@^3.1.0:
  version "3.1.0"
  resolved "https://registry.yarnpkg.com/mimic-response/-/mimic-response-3.1.0.tgz#2d1d59af9c1b129815accc2c46a022a5ce1fa3c9"
  integrity sha512-z0yWI+4FDrrweS8Zmt4Ej5HdJmky15+L2e6Wgn3+iK5fWzb6T3fhNFq2+MeTRb064c6Wr4N/wv0DzQTjNzHNGQ==

min-document@^2.19.0:
  version "2.19.0"
  resolved "https://registry.yarnpkg.com/min-document/-/min-document-2.19.0.tgz#7bd282e3f5842ed295bb748cdd9f1ffa2c824685"
  integrity sha512-9Wy1B3m3f66bPPmU5hdA4DR4PB2OfDU/+GS3yAB7IQozE3tqXaVv2zOjgla7MEGSRv95+ILmOuvhLkOK6wJtCQ==
  dependencies:
    dom-walk "^0.1.0"

minimist@^1.2.0, minimist@^1.2.3:
  version "1.2.8"
  resolved "https://registry.yarnpkg.com/minimist/-/minimist-1.2.8.tgz#c1a464e7693302e082a075cee0c057741ac4772c"
  integrity sha512-2yyAR8qBkN3YuheJanUpWC5U3bb5osDywNB8RzDVlDwDHbocAJveqqj1u8+SVD7jkWT4yvsHCpWqqWqAxb0zCA==

mkdirp-classic@^0.5.2, mkdirp-classic@^0.5.3:
  version "0.5.3"
  resolved "https://registry.yarnpkg.com/mkdirp-classic/-/mkdirp-classic-0.5.3.tgz#fa10c9115cc6d8865be221ba47ee9bed78601113"
  integrity sha512-gKLcREMhtuZRwRAfqP3RFW+TK4JqApVBtOIftVgjuABpAtpxhPGaDcfvbhNvD0B8iD1oUr/txX35NjcaY6Ns/A==

mkdirp@^2.1.3:
  version "2.1.3"
  resolved "https://registry.yarnpkg.com/mkdirp/-/mkdirp-2.1.3.tgz#b083ff37be046fd3d6552468c1f0ff44c1545d1f"
  integrity sha512-sjAkg21peAG9HS+Dkx7hlG9Ztx7HLeKnvB3NQRcu/mltCVmvkF0pisbiTSfDVYTT86XEfZrTUosLdZLStquZUw==

napi-build-utils@^1.0.1:
  version "1.0.2"
  resolved "https://registry.yarnpkg.com/napi-build-utils/-/napi-build-utils-1.0.2.tgz#b1fddc0b2c46e380a0b7a76f984dd47c41a13806"
  integrity sha512-ONmRUqK7zj7DWX0D9ADe03wbwOBZxNAfF20PlGfCWQcD3+/MakShIHrMqx9YwPTfxDdF1zLeL+RGZiR9kGMLdg==

node-abi@^3.3.0:
  version "3.33.0"
  resolved "https://registry.yarnpkg.com/node-abi/-/node-abi-3.33.0.tgz#8b23a0cec84e1c5f5411836de6a9b84bccf26e7f"
  integrity sha512-7GGVawqyHF4pfd0YFybhv/eM9JwTtPqx0mAanQ146O3FlSh3pA24zf9IRQTOsfTSqXTNzPSP5iagAJ94jjuVog==
  dependencies:
    semver "^7.3.5"

node-addon-api@^5.0.0:
  version "5.1.0"
  resolved "https://registry.yarnpkg.com/node-addon-api/-/node-addon-api-5.1.0.tgz#49da1ca055e109a23d537e9de43c09cca21eb762"
  integrity sha512-eh0GgfEkpnoWDq+VY8OyvYhFEzBk6jIYbRKdIlyTiAXIVJ8PyBaKb0rp7oDtoddbdoHWhq8wwr+XZ81F1rpNdA==

node-fetch@^2.6.1:
  version "2.6.9"
  resolved "https://registry.yarnpkg.com/node-fetch/-/node-fetch-2.6.9.tgz#7c7f744b5cc6eb5fd404e0c7a9fec630a55657e6"
  integrity sha512-DJm/CJkZkRjKKj4Zi4BsKVZh3ValV5IR5s7LVZnW+6YMh0W1BfNA8XSs6DLMGYlId5F3KnA70uu2qepcR08Qqg==
  dependencies:
    whatwg-url "^5.0.0"

omggif@^1.0.10, omggif@^1.0.9:
  version "1.0.10"
  resolved "https://registry.yarnpkg.com/omggif/-/omggif-1.0.10.tgz#ddaaf90d4a42f532e9e7cb3a95ecdd47f17c7b19"
  integrity sha512-LMJTtvgc/nugXj0Vcrrs68Mn2D1r0zf630VNtqtpI1FEO7e+O9FP4gqs9AcnBaSEeoHIPm28u6qgPR0oyEpGSw==

once@^1.3.1, once@^1.4.0:
  version "1.4.0"
  resolved "https://registry.yarnpkg.com/once/-/once-1.4.0.tgz#583b1aa775961d4b113ac17d9c50baef9dd76bd1"
  integrity sha512-lNaJgI+2Q5URQBkccEKHTQOPaXdUxnZZElQTZY0MFUAuaEqe1E+Nyvgdz/aIyNi6Z9MzO5dv1H8n58/GELp3+w==
  dependencies:
    wrappy "1"

pako@^1.0.11:
  version "1.0.11"
  resolved "https://registry.yarnpkg.com/pako/-/pako-1.0.11.tgz#6c9599d340d54dfd3946380252a35705a6b992bf"
  integrity sha512-4hLB8Py4zZce5s4yd9XzopqwVv/yGNhV1Bl8NTmCq1763HeK2+EwVTv+leGeL13Dnh2wfbqowVPXCIO0z4taYw==

parse-bmfont-ascii@^1.0.3:
  version "1.0.6"
  resolved "https://registry.yarnpkg.com/parse-bmfont-ascii/-/parse-bmfont-ascii-1.0.6.tgz#11ac3c3ff58f7c2020ab22769079108d4dfa0285"
  integrity sha512-U4RrVsUFCleIOBsIGYOMKjn9PavsGOXxbvYGtMOEfnId0SVNsgehXh1DxUdVPLoxd5mvcEtvmKs2Mmf0Mpa1ZA==

parse-bmfont-binary@^1.0.5:
  version "1.0.6"
  resolved "https://registry.yarnpkg.com/parse-bmfont-binary/-/parse-bmfont-binary-1.0.6.tgz#d038b476d3e9dd9db1e11a0b0e53a22792b69006"
  integrity sha512-GxmsRea0wdGdYthjuUeWTMWPqm2+FAd4GI8vCvhgJsFnoGhTrLhXDDupwTo7rXVAgaLIGoVHDZS9p/5XbSqeWA==

parse-bmfont-xml@^1.1.4:
  version "1.1.4"
  resolved "https://registry.yarnpkg.com/parse-bmfont-xml/-/parse-bmfont-xml-1.1.4.tgz#015319797e3e12f9e739c4d513872cd2fa35f389"
  integrity sha512-bjnliEOmGv3y1aMEfREMBJ9tfL3WR0i0CKPj61DnSLaoxWR3nLrsQrEbCId/8rF4NyRF0cCqisSVXyQYWM+mCQ==
  dependencies:
    xml-parse-from-string "^1.0.0"
    xml2js "^0.4.5"

parse-headers@^2.0.0:
  version "2.0.5"
  resolved "https://registry.yarnpkg.com/parse-headers/-/parse-headers-2.0.5.tgz#069793f9356a54008571eb7f9761153e6c770da9"
  integrity sha512-ft3iAoLOB/MlwbNXgzy43SWGP6sQki2jQvAyBg/zDFAgr9bfNWZIUj42Kw2eJIl8kEi4PbgE6U1Zau/HwI75HA==

peek-readable@^4.1.0:
  version "4.1.0"
  resolved "https://registry.yarnpkg.com/peek-readable/-/peek-readable-4.1.0.tgz#4ece1111bf5c2ad8867c314c81356847e8a62e72"
  integrity sha512-ZI3LnwUv5nOGbQzD9c2iDG6toheuXSZP5esSHBjopsXH4dg19soufvpUGA3uohi5anFtGb2lhAVdHzH6R/Evvg==

phin@^2.9.1:
  version "2.9.3"
  resolved "https://registry.yarnpkg.com/phin/-/phin-2.9.3.tgz#f9b6ac10a035636fb65dfc576aaaa17b8743125c"
  integrity sha512-CzFr90qM24ju5f88quFC/6qohjC144rehe5n6DH900lgXmUe86+xCKc10ev56gRKC4/BkHUoG4uSiQgBiIXwDA==

pixelmatch@^4.0.2:
  version "4.0.2"
  resolved "https://registry.yarnpkg.com/pixelmatch/-/pixelmatch-4.0.2.tgz#8f47dcec5011b477b67db03c243bc1f3085e8854"
  integrity sha512-J8B6xqiO37sU/gkcMglv6h5Jbd9xNER7aHzpfRdNmV4IbQBzBpe4l9XmbG+xPF/znacgu2jfEw+wHffaq/YkXA==
  dependencies:
    pngjs "^3.0.0"

pngjs@^3.0.0:
  version "3.4.0"
  resolved "https://registry.yarnpkg.com/pngjs/-/pngjs-3.4.0.tgz#99ca7d725965fb655814eaf65f38f12bbdbf555f"
  integrity sha512-NCrCHhWmnQklfH4MtJMRjZ2a8c80qXeMlQMv2uVp9ISJMTt562SbGd6n2oq0PaPgKm7Z6pL9E2UlLIhC+SHL3w==

pngjs@^6.0.0:
  version "6.0.0"
  resolved "https://registry.yarnpkg.com/pngjs/-/pngjs-6.0.0.tgz#ca9e5d2aa48db0228a52c419c3308e87720da821"
  integrity sha512-TRzzuFRRmEoSW/p1KVAmiOgPco2Irlah+bGFCeNfJXxxYGwSw7YwAOAcd7X28K/m5bjBWKsC29KyoMfHbypayg==

prebuild-install@^7.1.1:
  version "7.1.1"
  resolved "https://registry.yarnpkg.com/prebuild-install/-/prebuild-install-7.1.1.tgz#de97d5b34a70a0c81334fd24641f2a1702352e45"
  integrity sha512-jAXscXWMcCK8GgCoHOfIr0ODh5ai8mj63L2nWrjuAgXE6tDyYGnx4/8o/rCgU+B4JSyZBKbeZqzhtwtC3ovxjw==
  dependencies:
    detect-libc "^2.0.0"
    expand-template "^2.0.3"
    github-from-package "0.0.0"
    minimist "^1.2.3"
    mkdirp-classic "^0.5.3"
    napi-build-utils "^1.0.1"
    node-abi "^3.3.0"
    pump "^3.0.0"
    rc "^1.2.7"
    simple-get "^4.0.0"
    tar-fs "^2.0.0"
    tunnel-agent "^0.6.0"

process@^0.11.10:
  version "0.11.10"
  resolved "https://registry.yarnpkg.com/process/-/process-0.11.10.tgz#7332300e840161bda3e69a1d1d91a7d4bc16f182"
  integrity sha512-cdGef/drWFoydD1JsMzuFf8100nZl+GT+yacc2bEced5f9Rjk4z+WtFUTBu9PhOi9j/jfmBPu0mMEY4wIdAF8A==

pump@^3.0.0:
  version "3.0.0"
  resolved "https://registry.yarnpkg.com/pump/-/pump-3.0.0.tgz#b4a2116815bde2f4e1ea602354e8c75565107a64"
  integrity sha512-LwZy+p3SFs1Pytd/jYct4wpv49HiYCqd9Rlc5ZVdk0V+8Yzv6jR5Blk3TRmPL1ft69TxP0IMZGJ+WPFU2BFhww==
  dependencies:
    end-of-stream "^1.1.0"
    once "^1.3.1"

rc@^1.2.7:
  version "1.2.8"
  resolved "https://registry.yarnpkg.com/rc/-/rc-1.2.8.tgz#cd924bf5200a075b83c188cd6b9e211b7fc0d3ed"
  integrity sha512-y3bGgqKj3QBdxLbLkomlohkvsA8gdAiUQlSBJnBhfn+BPxg4bc62d8TcBW15wavDfgexCgccckhcZvywyQYPOw==
  dependencies:
    deep-extend "^0.6.0"
    ini "~1.3.0"
    minimist "^1.2.0"
    strip-json-comments "~2.0.1"

readable-stream@^3.1.1, readable-stream@^3.4.0, readable-stream@^3.6.0:
  version "3.6.0"
  resolved "https://registry.yarnpkg.com/readable-stream/-/readable-stream-3.6.0.tgz#337bbda3adc0706bd3e024426a286d4b4b2c9198"
  integrity sha512-BViHy7LKeTz4oNnkcLJ+lVSL6vpiFeX6/d3oSH8zCW7UxP2onchk+vTGB143xuFjHS3deTgkKoXXymXqymiIdA==
  dependencies:
    inherits "^2.0.3"
    string_decoder "^1.1.1"
    util-deprecate "^1.0.1"

readable-web-to-node-stream@^3.0.0:
  version "3.0.2"
  resolved "https://registry.yarnpkg.com/readable-web-to-node-stream/-/readable-web-to-node-stream-3.0.2.tgz#5d52bb5df7b54861fd48d015e93a2cb87b3ee0bb"
  integrity sha512-ePeK6cc1EcKLEhJFt/AebMCLL+GgSKhuygrZ/GLaKZYEecIgIECf4UaUuaByiGtzckwR4ain9VzUh95T1exYGw==
  dependencies:
    readable-stream "^3.6.0"

regenerator-runtime@^0.13.3:
  version "0.13.11"
  resolved "https://registry.yarnpkg.com/regenerator-runtime/-/regenerator-runtime-0.13.11.tgz#f6dca3e7ceec20590d07ada785636a90cdca17f9"
  integrity sha512-kY1AZVr2Ra+t+piVaJ4gxaFaReZVH40AKNo7UCX6W+dEwBo/2oZJzqfuN1qLq1oL45o56cPaTXELwrTh8Fpggg==

safe-buffer@^5.0.1, safe-buffer@~5.2.0:
  version "5.2.1"
  resolved "https://registry.yarnpkg.com/safe-buffer/-/safe-buffer-5.2.1.tgz#1eaf9fa9bdb1fdd4ec75f58f9cdb4e6b7827eec6"
  integrity sha512-rp3So07KcdmmKbGvgaNxQSJr7bGVSVk5S9Eq1F+ppbRo70+YeaDxkw5Dd8NPN+GD6bjnYm2VuPuCXmpuYvmCXQ==

sax@>=0.6.0:
  version "1.2.4"
  resolved "https://registry.yarnpkg.com/sax/-/sax-1.2.4.tgz#2816234e2378bddc4e5354fab5caa895df7100d9"
  integrity sha512-NqVDv9TpANUjFm0N8uM5GxL36UgKi9/atZw+x7YFnQ8ckwFGKrl4xX4yWtrey3UJm5nP1kUbnYgLopqWNSRhWw==

semver@^7.3.5, semver@^7.3.8:
  version "7.3.8"
  resolved "https://registry.yarnpkg.com/semver/-/semver-7.3.8.tgz#07a78feafb3f7b32347d725e33de7e2a2df67798"
  integrity sha512-NB1ctGL5rlHrPJtFDVIVzTyQylMLu9N9VICA6HSFJo8MCGVTMW6gfpicwKmmK/dAjTOrqu5l63JJOpDSrAis3A==
  dependencies:
    lru-cache "^6.0.0"

sharp@^0.31.3:
  version "0.31.3"
  resolved "https://registry.yarnpkg.com/sharp/-/sharp-0.31.3.tgz#60227edc5c2be90e7378a210466c99aefcf32688"
  integrity sha512-XcR4+FCLBFKw1bdB+GEhnUNXNXvnt0tDo4WsBsraKymuo/IAuPuCBVAL2wIkUw2r/dwFW5Q5+g66Kwl2dgDFVg==
  dependencies:
    color "^4.2.3"
    detect-libc "^2.0.1"
    node-addon-api "^5.0.0"
    prebuild-install "^7.1.1"
    semver "^7.3.8"
    simple-get "^4.0.1"
    tar-fs "^2.1.1"
    tunnel-agent "^0.6.0"

simple-concat@^1.0.0:
  version "1.0.1"
  resolved "https://registry.yarnpkg.com/simple-concat/-/simple-concat-1.0.1.tgz#f46976082ba35c2263f1c8ab5edfe26c41c9552f"
  integrity sha512-cSFtAPtRhljv69IK0hTVZQ+OfE9nePi/rtJmw5UjHeVyVroEqJXP1sFztKUy1qU+xvz3u/sfYJLa947b7nAN2Q==

simple-get@^4.0.0, simple-get@^4.0.1:
  version "4.0.1"
  resolved "https://registry.yarnpkg.com/simple-get/-/simple-get-4.0.1.tgz#4a39db549287c979d352112fa03fd99fd6bc3543"
  integrity sha512-brv7p5WgH0jmQJr1ZDDfKDOSeWWg+OVypG99A/5vYGPqJ6pxiaHLy8nxtFjBA7oMa01ebA9gfh1uMCFqOuXxvA==
  dependencies:
    decompress-response "^6.0.0"
    once "^1.3.1"
    simple-concat "^1.0.0"

simple-swizzle@^0.2.2:
  version "0.2.2"
  resolved "https://registry.yarnpkg.com/simple-swizzle/-/simple-swizzle-0.2.2.tgz#a4da6b635ffcccca33f70d17cb92592de95e557a"
  integrity sha512-JA//kQgZtbuY83m+xT+tXJkmJncGMTFT+C+g2h2R9uxkYIrE2yy9sgmcLhCnw57/WSD+Eh3J97FPEDFnbXnDUg==
  dependencies:
    is-arrayish "^0.3.1"

string_decoder@^1.1.1:
  version "1.3.0"
  resolved "https://registry.yarnpkg.com/string_decoder/-/string_decoder-1.3.0.tgz#42f114594a46cf1a8e30b0a84f56c78c3edac21e"
  integrity sha512-hkRX8U1WjJFd8LsDJ2yQ/wWWxaopEsABU1XfkM8A+j0+85JAGppt16cr1Whg6KIbb4okU6Mql6BOj+uup/wKeA==
  dependencies:
    safe-buffer "~5.2.0"

strip-json-comments@~2.0.1:
  version "2.0.1"
  resolved "https://registry.yarnpkg.com/strip-json-comments/-/strip-json-comments-2.0.1.tgz#3c531942e908c2697c0ec344858c286c7ca0a60a"
  integrity sha512-4gB8na07fecVVkOI6Rs4e7T6NOTki5EmL7TUduTs6bu3EdnSycntVJ4re8kgZA+wx9IueI2Y11bfbgwtzuE0KQ==

strtok3@^6.2.4:
  version "6.3.0"
  resolved "https://registry.yarnpkg.com/strtok3/-/strtok3-6.3.0.tgz#358b80ffe6d5d5620e19a073aa78ce947a90f9a0"
  integrity sha512-fZtbhtvI9I48xDSywd/somNqgUHl2L2cstmXCCif0itOf96jeW18MBSyrLuNicYQVkvpOxkZtkzujiTJ9LW5Jw==
  dependencies:
    "@tokenizer/token" "^0.3.0"
    peek-readable "^4.1.0"

tar-fs@^2.0.0, tar-fs@^2.1.1:
  version "2.1.1"
  resolved "https://registry.yarnpkg.com/tar-fs/-/tar-fs-2.1.1.tgz#489a15ab85f1f0befabb370b7de4f9eb5cbe8784"
  integrity sha512-V0r2Y9scmbDRLCNex/+hYzvp/zyYjvFbHPNgVTKfQvVrb6guiE/fxP+XblDNR011utopbkex2nM4dHNV6GDsng==
  dependencies:
    chownr "^1.1.1"
    mkdirp-classic "^0.5.2"
    pump "^3.0.0"
    tar-stream "^2.1.4"

tar-stream@^2.1.4:
  version "2.2.0"
  resolved "https://registry.yarnpkg.com/tar-stream/-/tar-stream-2.2.0.tgz#acad84c284136b060dc3faa64474aa9aebd77287"
  integrity sha512-ujeqbceABgwMZxEJnk2HDY2DlnUZ+9oEcb1KzTVfYHio0UE6dG71n60d8D2I4qNvleWrrXpmjpt7vZeF1LnMZQ==
  dependencies:
    bl "^4.0.3"
    end-of-stream "^1.4.1"
    fs-constants "^1.0.0"
    inherits "^2.0.3"
    readable-stream "^3.1.1"

timm@^1.6.1:
  version "1.7.1"
  resolved "https://registry.yarnpkg.com/timm/-/timm-1.7.1.tgz#96bab60c7d45b5a10a8a4d0f0117c6b7e5aff76f"
  integrity sha512-IjZc9KIotudix8bMaBW6QvMuq64BrJWFs1+4V0lXwWGQZwH+LnX87doAYhem4caOEusRP9/g6jVDQmZ8XOk1nw==

tinycolor2@^1.6.0:
  version "1.6.0"
  resolved "https://registry.yarnpkg.com/tinycolor2/-/tinycolor2-1.6.0.tgz#f98007460169b0263b97072c5ae92484ce02d09e"
  integrity sha512-XPaBkWQJdsf3pLKJV9p4qN/S+fm2Oj8AIPo1BTUhg5oxkvm9+SVEGFdhyOz7tTdUTfvxMiAs4sp6/eZO2Ew+pw==

token-types@^4.1.1:
  version "4.2.1"
  resolved "https://registry.yarnpkg.com/token-types/-/token-types-4.2.1.tgz#0f897f03665846982806e138977dbe72d44df753"
  integrity sha512-6udB24Q737UD/SDsKAHI9FCRP7Bqc9D/MQUV02ORQg5iskjtLJlZJNdN4kKtcdtwCeWIwIHDGaUsTsCCAa8sFQ==
  dependencies:
    "@tokenizer/token" "^0.3.0"
    ieee754 "^1.2.1"

tr46@~0.0.3:
  version "0.0.3"
  resolved "https://registry.yarnpkg.com/tr46/-/tr46-0.0.3.tgz#8184fd347dac9cdc185992f3a6622e14b9d9ab6a"
  integrity sha512-N3WMsuqV66lT30CrXNbEjx4GEwlow3v6rr4mCcv6prnfwhS01rkgyFdjPNBYd9br7LpXV1+Emh01fHnq2Gdgrw==

tunnel-agent@^0.6.0:
  version "0.6.0"
  resolved "https://registry.yarnpkg.com/tunnel-agent/-/tunnel-agent-0.6.0.tgz#27a5dea06b36b04a0a9966774b290868f0fc40fd"
  integrity sha512-McnNiV1l8RYeY8tBgEpuodCC1mLUdbSN+CYBL7kJsJNInOP8UjDDEwdk6Mw60vdLLrr5NHKZhMAOSrR2NZuQ+w==
  dependencies:
    safe-buffer "^5.0.1"

utif2@^4.0.1:
  version "4.0.1"
  resolved "https://registry.yarnpkg.com/utif2/-/utif2-4.0.1.tgz#562433ef58d76b16d85638f052b2d8486122062c"
  integrity sha512-KMaD76dbzK1VjbwsckHJiqDjhP3pbpwyV+FdqkY6XFQenc2o/HS6pjPSYdu4+NQMHf2NLTW+nVP/eFP1CvOYQQ==
  dependencies:
    pako "^1.0.11"

util-deprecate@^1.0.1:
  version "1.0.2"
  resolved "https://registry.yarnpkg.com/util-deprecate/-/util-deprecate-1.0.2.tgz#450d4dc9fa70de732762fbd2d4a28981419a0ccf"
  integrity sha512-EPD5q1uXyFxJpCrLnCc1nHnq3gOa6DZBocAIiI2TaSCA7VCJ1UJDMagCzIkXNsUYfD1daK//LTEQ8xiIbrHtcw==

webidl-conversions@^3.0.0:
  version "3.0.1"
  resolved "https://registry.yarnpkg.com/webidl-conversions/-/webidl-conversions-3.0.1.tgz#24534275e2a7bc6be7bc86611cc16ae0a5654871"
  integrity sha512-2JAn3z8AR6rjK8Sm8orRC0h/bcl/DqL7tRPdGZ4I1CjdF+EaMLmYxBHyXuKL849eucPFhvBoxMsflfOb8kxaeQ==

whatwg-fetch@^3.4.1:
  version "3.6.2"
  resolved "https://registry.yarnpkg.com/whatwg-fetch/-/whatwg-fetch-3.6.2.tgz#dced24f37f2624ed0281725d51d0e2e3fe677f8c"
  integrity sha512-bJlen0FcuU/0EMLrdbJ7zOnW6ITZLrZMIarMUVmdKtsGvZna8vxKYaexICWPfZ8qwf9fzNq+UEIZrnSaApt6RA==

whatwg-url@^5.0.0:
  version "5.0.0"
  resolved "https://registry.yarnpkg.com/whatwg-url/-/whatwg-url-5.0.0.tgz#966454e8765462e37644d3626f6742ce8b70965d"
  integrity sha512-saE57nupxk6v3HY35+jzBwYa0rKSy0XR8JSxZPwgLr7ys0IBzhGviA1/TUGJLmSVqs8pb9AnvICXEuOHLprYTw==
  dependencies:
    tr46 "~0.0.3"
    webidl-conversions "^3.0.0"

wrappy@1:
  version "1.0.2"
  resolved "https://registry.yarnpkg.com/wrappy/-/wrappy-1.0.2.tgz#b5243d8f3ec1aa35f1364605bc0d1036e30ab69f"
  integrity sha512-l4Sp/DRseor9wL6EvV2+TuQn63dMkPjZ/sp9XkghTEbV9KlPS1xUsZ3u7/IQO4wxtcFB4bgpQPRcR3QCvezPcQ==

xhr@^2.0.1:
  version "2.6.0"
  resolved "https://registry.yarnpkg.com/xhr/-/xhr-2.6.0.tgz#b69d4395e792b4173d6b7df077f0fc5e4e2b249d"
  integrity sha512-/eCGLb5rxjx5e3mF1A7s+pLlR6CGyqWN91fv1JgER5mVWg1MZmlhBvy9kjcsOdRk8RrIujotWyJamfyrp+WIcA==
  dependencies:
    global "~4.4.0"
    is-function "^1.0.1"
    parse-headers "^2.0.0"
    xtend "^4.0.0"

xml-parse-from-string@^1.0.0:
  version "1.0.1"
  resolved "https://registry.yarnpkg.com/xml-parse-from-string/-/xml-parse-from-string-1.0.1.tgz#a9029e929d3dbcded169f3c6e28238d95a5d5a28"
  integrity sha512-ErcKwJTF54uRzzNMXq2X5sMIy88zJvfN2DmdoQvy7PAFJ+tPRU6ydWuOKNMyfmOjdyBQTFREi60s0Y0SyI0G0g==

xml2js@^0.4.5:
  version "0.4.23"
  resolved "https://registry.yarnpkg.com/xml2js/-/xml2js-0.4.23.tgz#a0c69516752421eb2ac758ee4d4ccf58843eac66"
  integrity sha512-ySPiMjM0+pLDftHgXY4By0uswI3SPKLDw/i3UXbnO8M/p28zqexCUoPmQFrYD+/1BzhGJSs2i1ERWKJAtiLrug==
  dependencies:
    sax ">=0.6.0"
    xmlbuilder "~11.0.0"

xmlbuilder@~11.0.0:
  version "11.0.1"
  resolved "https://registry.yarnpkg.com/xmlbuilder/-/xmlbuilder-11.0.1.tgz#be9bae1c8a046e76b31127726347d0ad7002beb3"
  integrity sha512-fDlsI/kFEx7gLvbecc0/ohLG50fugQp8ryHzMTuW9vSa1GJ0XYWKnhsUx7oie3G98+r56aTQIUB4kht42R3JvA==

xtend@^4.0.0:
  version "4.0.2"
  resolved "https://registry.yarnpkg.com/xtend/-/xtend-4.0.2.tgz#bb72779f5fa465186b1f438f674fa347fdb5db54"
  integrity sha512-LKYU1iAXJXUgAXn9URjiu+MWhyUXHsvfp7mcuYm9dSUKK0/CjtrUwFAxD82/mCWbtLsGjFIad0wIsod4zrTAEQ==

yallist@^4.0.0:
  version "4.0.0"
  resolved "https://registry.yarnpkg.com/yallist/-/yallist-4.0.0.tgz#9bb92790d9c0effec63be73519e11a35019a3a72"
  integrity sha512-3wdGidZyq5PB084XLES5TpOSRA3wjXAlIWMhum2kRcv/41Sn2emQ0dycQW4uZXLejwKvg6EsvbdlVL+FYEct7A==
